# This file is autogenerated, do not edit; changes may be undone by the next 'dep ensure'.


[[projects]]
  branch = "master"
  name = "github.com/Shopify/logrus-bugsnag"
  packages = ["."]
  revision = "577dee27f20dd8f1a529f82210094af593be12bd"

[[projects]]
  name = "github.com/bugsnag/bugsnag-go"
  packages = [".","errors"]
  revision = "f860f733c3d1c69181d9240eed266f94422fc99e"
  version = "v1.3.1"

[[projects]]
  name = "github.com/bugsnag/panicwrap"
  packages = ["."]
  revision = "4009b2b7c78d820cc4a2e42f035bb557ce4ae45b"
  version = "v1.2.0"

[[projects]]
  branch = "master"
  name = "github.com/kardianos/osext"
  packages = ["."]
  revision = "ae77be60afb1dcacde03767a8c37337fad28ac14"

[[projects]]
  name = "github.com/sirupsen/logrus"
  packages = ["."]
  revision = "c155da19408a8799da419ed3eeb0cb5db0ad5dbc"
  version = "v1.0.5"

[[projects]]
  branch = "master"
  name = "golang.org/x/crypto"
  packages = ["ssh/terminal"]
  revision = "88942b9c40a4c9d203b82b3731787b672d6e809b"

[[projects]]
  branch = "master"
  name = "golang.org/x/sys"
  packages = ["unix","windows"]
  revision = "13d03a9a82fba647c21a0ef8fba44a795d0f0835"

[solve-meta]
  analyzer-name = "dep"
  analyzer-version = 1
  inputs-digest = "ae141841bcdb6a3cb106b9d06ecef5bf00252f7b04ad81cdf3b71257c9a38f89"
  solver-name = "gps-cdcl"
  solver-version = 1
